// !$*UTF8*$!
{
	archiveVersion = 1;
	classes = {
	};
	objectVersion = 50;
	objects = {

/* Begin PBXBuildFile section */
		DBD9CCF62620283600B3C057 /* AppDelegate.m in Sources */ = {isa = PBXBuildFile; fileRef = DBD9CCF52620283600B3C057 /* AppDelegate.m */; };
		DBD9CCFE2620283700B3C057 /* main.m in Sources */ = {isa = PBXBuildFile; fileRef = DBD9CCFD2620283700B3C057 /* main.m */; };
		DBD9CD0E26202A8D00B3C057 /* FramebufferView.m in Sources */ = {isa = PBXBuildFile; fileRef = DBD9CD0D26202A8D00B3C057 /* FramebufferView.m */; };
		DBD9CD1926202EBE00B3C057 /* chess_engine.c in Sources */ = {isa = PBXBuildFile; fileRef = DBD9CD1526202EBE00B3C057 /* chess_engine.c */; };
		DBD9CD1A26202EBE00B3C057 /* platform.c in Sources */ = {isa = PBXBuildFile; fileRef = DBD9CD1726202EBE00B3C057 /* platform.c */; };
		DBD9CD1B26202EBE00B3C057 /* chess_main.c in Sources */ = {isa = PBXBuildFile; fileRef = DBD9CD1826202EBE00B3C057 /* chess_main.c */; };
/* End PBXBuildFile section */

/* Begin PBXFileReference section */
		DBD9CCF12620283600B3C057 /* PitrexPlayground.app */ = {isa = PBXFileReference; explicitFileType = wrapper.application; includeInIndex = 0; path = PitrexPlayground.app; sourceTree = BUILT_PRODUCTS_DIR; };
		DBD9CCF42620283600B3C057 /* AppDelegate.h */ = {isa = PBXFileReference; lastKnownFileType = sourcecode.c.h; path = AppDelegate.h; sourceTree = "<group>"; };
		DBD9CCF52620283600B3C057 /* AppDelegate.m */ = {isa = PBXFileReference; lastKnownFileType = sourcecode.c.objc; path = AppDelegate.m; sourceTree = "<group>"; };
		DBD9CCFC2620283700B3C057 /* Info.plist */ = {isa = PBXFileReference; lastKnownFileType = text.plist.xml; path = Info.plist; sourceTree = "<group>"; };
		DBD9CCFD2620283700B3C057 /* main.m */ = {isa = PBXFileReference; lastKnownFileType = sourcecode.c.objc; path = main.m; sourceTree = "<group>"; };
		DBD9CD0C26202A8D00B3C057 /* FramebufferView.h */ = {isa = PBXFileReference; fileEncoding = 4; lastKnownFileType = sourcecode.c.h; path = FramebufferView.h; sourceTree = "<group>"; };
		DBD9CD0D26202A8D00B3C057 /* FramebufferView.m */ = {isa = PBXFileReference; fileEncoding = 4; lastKnownFileType = sourcecode.c.objc; path = FramebufferView.m; sourceTree = "<group>"; };
		DBD9CD1526202EBE00B3C057 /* chess_engine.c */ = {isa = PBXFileReference; fileEncoding = 4; lastKnownFileType = sourcecode.c.c; name = chess_engine.c; path = ../chess_engine.c; sourceTree = "<group>"; };
		DBD9CD1626202EBE00B3C057 /* platform.h */ = {isa = PBXFileReference; fileEncoding = 4; lastKnownFileType = sourcecode.c.h; name = platform.h; path = ../platform.h; sourceTree = "<group>"; };
		DBD9CD1726202EBE00B3C057 /* platform.c */ = {isa = PBXFileReference; fileEncoding = 4; lastKnownFileType = sourcecode.c.c; name = platform.c; path = ../platform.c; sourceTree = "<group>"; };
		DBD9CD1826202EBE00B3C057 /* chess_main.c */ = {isa = PBXFileReference; fileEncoding = 4; lastKnownFileType = sourcecode.c.c; name = chess_main.c; path = ../chess_main.c; sourceTree = "<group>"; };
/* End PBXFileReference section */

/* Begin PBXFrameworksBuildPhase section */
		DBD9CCEE2620283600B3C057 /* Frameworks */ = {
			isa = PBXFrameworksBuildPhase;
			buildActionMask = 2147483647;
			files = (
			);
			runOnlyForDeploymentPostprocessing = 0;
		};
/* End PBXFrameworksBuildPhase section */

/* Begin PBXGroup section */
		DBD9CCE82620283600B3C057 = {
			isa = PBXGroup;
			children = (
				DBD9CD1426202EA400B3C057 /* Chess */,
				DBD9CCF32620283600B3C057 /* Playground */,
				DBD9CCF22620283600B3C057 /* Products */,
			);
			sourceTree = "<group>";
		};
		DBD9CCF22620283600B3C057 /* Products */ = {
			isa = PBXGroup;
			children = (
				DBD9CCF12620283600B3C057 /* PitrexPlayground.app */,
			);
			name = Products;
			sourceTree = "<group>";
		};
		DBD9CCF32620283600B3C057 /* Playground */ = {
			isa = PBXGroup;
			children = (
				DBD9CCF42620283600B3C057 /* AppDelegate.h */,
				DBD9CCF52620283600B3C057 /* AppDelegate.m */,
				DBD9CD0C26202A8D00B3C057 /* FramebufferView.h */,
				DBD9CD0D26202A8D00B3C057 /* FramebufferView.m */,
				DBD9CCFD2620283700B3C057 /* main.m */,
				DBD9CCFC2620283700B3C057 /* Info.plist */,
			);
			name = Playground;
			sourceTree = "<group>";
		};
		DBD9CD1426202EA400B3C057 /* Chess */ = {
			isa = PBXGroup;
			children = (
				DBD9CD1526202EBE00B3C057 /* chess_engine.c */,
				DBD9CD1826202EBE00B3C057 /* chess_main.c */,
				DBD9CD1726202EBE00B3C057 /* platform.c */,
				DBD9CD1626202EBE00B3C057 /* platform.h */,
			);
			name = Chess;
			sourceTree = "<group>";
		};
/* End PBXGroup section */

/* Begin PBXNativeTarget section */
		DBD9CCF02620283600B3C057 /* PitrexPlayground */ = {
			isa = PBXNativeTarget;
			buildConfigurationList = DBD9CD022620283700B3C057 /* Build configuration list for PBXNativeTarget "PitrexPlayground" */;
			buildPhases = (
				DBD9CCED2620283600B3C057 /* Sources */,
				DBD9CCEE2620283600B3C057 /* Frameworks */,
				DBD9CCEF2620283600B3C057 /* Resources */,
			);
			buildRules = (
			);
			dependencies = (
			);
			name = PitrexPlayground;
			productName = PitrexPlayground;
			productReference = DBD9CCF12620283600B3C057 /* PitrexPlayground.app */;
			productType = "com.apple.product-type.application";
		};
/* End PBXNativeTarget section */

/* Begin PBXProject section */
		DBD9CCE92620283600B3C057 /* Project object */ = {
			isa = PBXProject;
			attributes = {
				LastUpgradeCheck = 1230;
				TargetAttributes = {
					DBD9CCF02620283600B3C057 = {
						CreatedOnToolsVersion = 12.3;
					};
				};
			};
			buildConfigurationList = DBD9CCEC2620283600B3C057 /* Build configuration list for PBXProject "Playground" */;
			compatibilityVersion = "Xcode 9.3";
			developmentRegion = en;
			hasScannedForEncodings = 0;
			knownRegions = (
				en,
				Base,
			);
			mainGroup = DBD9CCE82620283600B3C057;
			productRefGroup = DBD9CCF22620283600B3C057 /* Products */;
			projectDirPath = "";
			projectRoot = "";
			targets = (
				DBD9CCF02620283600B3C057 /* PitrexPlayground */,
			);
		};
/* End PBXProject section */

/* Begin PBXResourcesBuildPhase section */
		DBD9CCEF2620283600B3C057 /* Resources */ = {
			isa = PBXResourcesBuildPhase;
			buildActionMask = 2147483647;
			files = (
			);
			runOnlyForDeploymentPostprocessing = 0;
		};
/* End PBXResourcesBuildPhase section */

/* Begin PBXSourcesBuildPhase section */
		DBD9CCED2620283600B3C057 /* Sources */ = {
			isa = PBXSourcesBuildPhase;
			buildActionMask = 2147483647;
			files = (
				DBD9CCFE2620283700B3C057 /* main.m in Sources */,
				DBD9CD1A26202EBE00B3C057 /* platform.c in Sources */,
				DBD9CD0E26202A8D00B3C057 /* FramebufferView.m in Sources */,
				DBD9CD1B26202EBE00B3C057 /* chess_main.c in Sources */,
				DBD9CD1926202EBE00B3C057 /* chess_engine.c in Sources */,
				DBD9CCF62620283600B3C057 /* AppDelegate.m in Sources */,
			);
			runOnlyForDeploymentPostprocessing = 0;
		};
/* End PBXSourcesBuildPhase section */

/* Begin XCBuildConfiguration section */
		DBD9CD002620283700B3C057 /* Debug */ = {
			isa = XCBuildConfiguration;
			buildSettings = {
				ALWAYS_SEARCH_USER_PATHS = NO;
				CLANG_ANALYZER_NONNULL = YES;
				CLANG_ANALYZER_NUMBER_OBJECT_CONVERSION = YES_AGGRESSIVE;
				CLANG_CXX_LANGUAGE_STANDARD = "gnu++14";
				CLANG_CXX_LIBRARY = "libc++";
				CLANG_ENABLE_MODULES = YES;
				CLANG_ENABLE_OBJC_ARC = YES;
				CLANG_ENABLE_OBJC_WEAK = YES;
				CLANG_WARN_BLOCK_CAPTURE_AUTORELEASING = YES;
				CLANG_WARN_BOOL_CONVERSION = YES;
				CLANG_WARN_COMMA = YES;
				CLANG_WARN_CONSTANT_CONVERSION = YES;
				CLANG_WARN_DEPRECATED_OBJC_IMPLEMENTATIONS = YES;
				CLANG_WARN_DIRECT_OBJC_ISA_USAGE = YES_ERROR;
				CLANG_WARN_DOCUMENTATION_COMMENTS = YES;
				CLANG_WARN_EMPTY_BODY = YES;
				CLANG_WARN_ENUM_CONVERSION = YES;
				CLANG_WARN_INFINITE_RECURSION = YES;
				CLANG_WARN_INT_CONVERSION = YES;
				CLANG_WARN_NON_LITERAL_NULL_CONVERSION = YES;
				CLANG_WARN_OBJC_IMPLICIT_RETAIN_SELF = YES;
				CLANG_WARN_OBJC_LITERAL_CONVERSION = YES;
				CLANG_WARN_OBJC_ROOT_CLASS = YES_ERROR;
				CLANG_WARN_QUOTED_INCLUDE_IN_FRAMEWORK_HEADER = YES;
				CLANG_WARN_RANGE_LOOP_ANALYSIS = YES;
				CLANG_WARN_STRICT_PROTOTYPES = YES;
				CLANG_WARN_SUSPICIOUS_MOVE = YES;
				CLANG_WARN_UNGUARDED_AVAILABILITY = YES_AGGRESSIVE;
				CLANG_WARN_UNREACHABLE_CODE = YES;
				CLANG_WARN__DUPLICATE_METHOD_MATCH = YES;
				COPY_PHASE_STRIP = NO;
				DEBUG_INFORMATION_FORMAT = dwarf;
				ENABLE_STRICT_OBJC_MSGSEND = YES;
				ENABLE_TESTABILITY = YES;
				GCC_C_LANGUAGE_STANDARD = gnu11;
				GCC_DYNAMIC_NO_PIC = NO;
				GCC_NO_COMMON_BLOCKS = YES;
				GCC_OPTIMIZATION_LEVEL = 0;
				GCC_PREPROCESSOR_DEFINITIONS = (
					"DEBUG=1",
					"$(inherited)",
				);
				GCC_WARN_64_TO_32_BIT_CONVERSION = YES;
				GCC_WARN_ABOUT_RETURN_TYPE = YES_ERROR;
				GCC_WARN_UNDECLARED_SELECTOR = YES;
				GCC_WARN_UNINITIALIZED_AUTOS = YES_AGGRESSIVE;
				GCC_WARN_UNUSED_FUNCTION = YES;
				GCC_WARN_UNUSED_VARIABLE = YES;
				MACOSX_DEPLOYMENT_TARGET = 11.1;
				MTL_ENABLE_DEBUG_INFO = INCLUDE_SOURCE;
				MTL_FAST_MATH = YES;
				ONLY_ACTIVE_ARCH = YES;
				SDKROOT = macosx;
			};
			name = Debug;
		};
		DBD9CD012620283700B3C057 /* Release */ = {
			isa = XCBuildConfiguration;
			buildSettings = {
				ALWAYS_SEARCH_USER_PATHS = NO;
				CLANG_ANALYZER_NONNULL = YES;
				CLANG_ANALYZER_NUMBER_OBJECT_CONVERSION = YES_AGGRESSIVE;
				CLANG_CXX_LANGUAGE_STANDARD = "gnu++14";
				CLANG_CXX_LIBRARY = "libc++";
				CLANG_ENABLE_MODULES = YES;
				CLANG_ENABLE_OBJC_ARC = YES;
				CLANG_ENABLE_OBJC_WEAK = YES;
				CLANG_WARN_BLOCK_CAPTURE_AUTORELEASING = YES;
				CLANG_WARN_BOOL_CONVERSION = YES;
				CLANG_WARN_COMMA = YES;
				CLANG_WARN_CONSTANT_CONVERSION = YES;
				CLANG_WARN_DEPRECATED_OBJC_IMPLEMENTATIONS = YES;
				CLANG_WARN_DIRECT_OBJC_ISA_USAGE = YES_ERROR;
				CLANG_WARN_DOCUMENTATION_COMMENTS = YES;
				CLANG_WARN_EMPTY_BODY = YES;
				CLANG_WARN_ENUM_CONVERSION = YES;
				CLANG_WARN_INFINITE_RECURSION = YES;
				CLANG_WARN_INT_CONVERSION = YES;
				CLANG_WARN_NON_LITERAL_NULL_CONVERSION = YES;
				CLANG_WARN_OBJC_IMPLICIT_RETAIN_SELF = YES;
				CLANG_WARN_OBJC_LITERAL_CONVERSION = YES;
				CLANG_WARN_OBJC_ROOT_CLASS = YES_ERROR;
				CLANG_WARN_QUOTED_INCLUDE_IN_FRAMEWORK_HEADER = YES;
				CLANG_WARN_RANGE_LOOP_ANALYSIS = YES;
				CLANG_WARN_STRICT_PROTOTYPES = YES;
				CLANG_WARN_SUSPICIOUS_MOVE = YES;
				CLANG_WARN_UNGUARDED_AVAILABILITY = YES_AGGRESSIVE;
				CLANG_WARN_UNREACHABLE_CODE = YES;
				CLANG_WARN__DUPLICATE_METHOD_MATCH = YES;
				COPY_PHASE_STRIP = NO;
				DEBUG_INFORMATION_FORMAT = "dwarf-with-dsym";
				ENABLE_NS_ASSERTIONS = NO;
				ENABLE_STRICT_OBJC_MSGSEND = YES;
				GCC_C_LANGUAGE_STANDARD = gnu11;
				GCC_NO_COMMON_BLOCKS = YES;
				GCC_WARN_64_TO_32_BIT_CONVERSION = YES;
				GCC_WARN_ABOUT_RETURN_TYPE = YES_ERROR;
				GCC_WARN_UNDECLARED_SELECTOR = YES;
				GCC_WARN_UNINITIALIZED_AUTOS = YES_AGGRESSIVE;
				GCC_WARN_UNUSED_FUNCTION = YES;
				GCC_WARN_UNUSED_VARIABLE = YES;
				MACOSX_DEPLOYMENT_TARGET = 11.1;
				MTL_ENABLE_DEBUG_INFO = NO;
				MTL_FAST_MATH = YES;
				SDKROOT = macosx;
			};
			name = Release;
		};
		DBD9CD032620283700B3C057 /* Debug */ = {
			isa = XCBuildConfiguration;
			buildSettings = {
				ASSETCATALOG_COMPILER_APPICON_NAME = AppIcon;
				ASSETCATALOG_COMPILER_GLOBAL_ACCENT_COLOR_NAME = AccentColor;
				CODE_SIGN_ENTITLEMENTS = PitrexPlayground/PitrexPlayground.entitlements;
				CODE_SIGN_STYLE = Automatic;
				COMBINE_HIDPI_IMAGES = YES;
				INFOPLIST_FILE = Info.plist;
				LD_RUNPATH_SEARCH_PATHS = (
					"$(inherited)",
					"@executable_path/../Frameworks",
				);
				PRODUCT_BUNDLE_IDENTIFIER = com.rogerboesch.PitrexPlayground;
				PRODUCT_NAME = "$(TARGET_NAME)";
			};
			name = Debug;
		};
		DBD9CD042620283700B3C057 /* Release */ = {
			isa = XCBuildConfiguration;
			buildSettings = {
				ASSETCATALOG_COMPILER_APPICON_NAME = AppIcon;
				ASSETCATALOG_COMPILER_GLOBAL_ACCENT_COLOR_NAME = AccentColor;
				CODE_SIGN_ENTITLEMENTS = PitrexPlayground/PitrexPlayground.entitlements;
				CODE_SIGN_STYLE = Automatic;
				COMBINE_HIDPI_IMAGES = YES;
				INFOPLIST_FILE = Info.plist;
				LD_RUNPATH_SEARCH_PATHS = (
					"$(inherited)",
					"@executable_path/../Frameworks",
				);
				PRODUCT_BUNDLE_IDENTIFIER = com.rogerboesch.PitrexPlayground;
				PRODUCT_NAME = "$(TARGET_NAME)";
			};
			name = Release;
		};
/* End XCBuildConfiguration section */

/* Begin XCConfigurationList section */
		DBD9CCEC2620283600B3C057 /* Build configuration list for PBXProject "Playground" */ = {
			isa = XCConfigurationList;
			buildConfigurations = (
				DBD9CD002620283700B3C057 /* Debug */,
				DBD9CD012620283700B3C057 /* Release */,
			);
			defaultConfigurationIsVisible = 0;
			defaultConfigurationName = Release;
		};
		DBD9CD022620283700B3C057 /* Build configuration list for PBXNativeTarget "PitrexPlayground" */ = {
			isa = XCConfigurationList;
			buildConfigurations = (
				DBD9CD032620283700B3C057 /* Debug */,
				DBD9CD042620283700B3C057 /* Release */,
			);
			defaultConfigurationIsVisible = 0;
			defaultConfigurationName = Release;
		};
/* End XCConfigurationList section */
	};
	rootObject = DBD9CCE92620283600B3C057 /* Project object */;
}
